PODS:
  - BleSrv (0.0.1):
    - Capacitor
  - Capacitor (6.1.2):
    - CapacitorCordova
  - CapacitorApp (6.0.1):
    - Capacitor
  - CapacitorCordova (6.1.2)
  - CapacitorDialog (6.0.2):
    - Capacitor
  - CapacitorFilesystem (6.0.2):
    - Capacitor
  - CapacitorHaptics (6.0.1):
    - Capacitor
  - CapacitorKeyboard (6.0.2):
    - Capacitor
  - CapacitorPreferences (6.0.3):
    - Capacitor
  - CapacitorStatusBar (6.0.1):
    - Capacitor
  - CapawesomeCapacitorFilePicker (6.2.0):
    - Capacitor

DEPENDENCIES:
  - BleSrv (from `../../localPlugins/capacitor-ble-bgservice-normalbl`)
  - "Capacitor (from `../../node_modules/@capacitor/ios`)"
  - "CapacitorApp (from `../../node_modules/@capacitor/app`)"
  - "CapacitorCordova (from `../../node_modules/@capacitor/ios`)"
  - "CapacitorDialog (from `../../node_modules/@capacitor/dialog`)"
  - "CapacitorFilesystem (from `../../node_modules/@capacitor/filesystem`)"
  - "CapacitorHaptics (from `../../node_modules/@capacitor/haptics`)"
  - "CapacitorKeyboard (from `../../node_modules/@capacitor/keyboard`)"
  - "CapacitorPreferences (from `../../node_modules/@capacitor/preferences`)"
  - "CapacitorStatusBar (from `../../node_modules/@capacitor/status-bar`)"
  - "CapawesomeCapacitorFilePicker (from `../../node_modules/@capawesome/capacitor-file-picker`)"

EXTERNAL SOURCES:
  BleSrv:
    :path: "../../localPlugins/capacitor-ble-bgservice-normalbl"
  Capacitor:
    :path: "../../node_modules/@capacitor/ios"
  CapacitorApp:
    :path: "../../node_modules/@capacitor/app"
  CapacitorCordova:
    :path: "../../node_modules/@capacitor/ios"
  CapacitorDialog:
    :path: "../../node_modules/@capacitor/dialog"
  CapacitorFilesystem:
    :path: "../../node_modules/@capacitor/filesystem"
  CapacitorHaptics:
    :path: "../../node_modules/@capacitor/haptics"
  CapacitorKeyboard:
    :path: "../../node_modules/@capacitor/keyboard"
  CapacitorPreferences:
    :path: "../../node_modules/@capacitor/preferences"
  CapacitorStatusBar:
    :path: "../../node_modules/@capacitor/status-bar"
  CapawesomeCapacitorFilePicker:
    :path: "../../node_modules/@capawesome/capacitor-file-picker"

SPEC CHECKSUMS:
  BleSrv: 7a6ee2330b25b54db1dabd1cda50e6b3e86f2b55
  Capacitor: 679f9673fdf30597493a6362a5d5bf233d46abc2
  CapacitorApp: 0bc633b4eae40a1f32cd2834788fad3bc42da6a1
  CapacitorCordova: f48c89f96c319101cd2f0ce8a2b7449b5fb8b3dd
  CapacitorDialog: e966e2261e1c74a8a502e610dd66b4f97ec6fcca
  CapacitorFilesystem: c832a3f6d4870c3872688e782ae8e33665e6ecbf
  CapacitorHaptics: fe689ade56ef20ec9b041a753c6da70c5d8ec9a9
  CapacitorKeyboard: 2700f9b18687be021e28b5a09b59eb151a46d5e0
  CapacitorPreferences: 9f9935bce493977183511362131a93f7b260191a
  CapacitorStatusBar: b81d4fb5d4e0064c712018071b3ab4b810b39a63
  CapawesomeCapacitorFilePicker: c14df1f5a23226039e0cb82b171cf5a351470459

PODFILE CHECKSUM: ca7a18c4d6c17091b2fd49324e65c7b3cc27b73b

COCOAPODS: 1.15.2
